// !$*UTF8*$!
{
	archiveVersion = 1;
	classes = {
	};
	objectVersion = 46;
	objects = {

/* Begin PBXBuildFile section */
		F2099A6A1FB10D8000FB6F93 /* AppDelegate.swift in Sources */ = {isa = PBXBuildFile; fileRef = F2099A691FB10D8000FB6F93 /* AppDelegate.swift */; };
		F2099A6C1FB10D8000FB6F93 /* ViewController.swift in Sources */ = {isa = PBXBuildFile; fileRef = F2099A6B1FB10D8000FB6F93 /* ViewController.swift */; };
		F2099A6F1FB10D8000FB6F93 /* Main.storyboard in Resources */ = {isa = PBXBuildFile; fileRef = F2099A6D1FB10D8000FB6F93 /* Main.storyboard */; };
		F2099A721FB10D8000FB6F93 /* sixthproject.xcdatamodeld in Sources */ = {isa = PBXBuildFile; fileRef = F2099A701FB10D8000FB6F93 /* sixthproject.xcdatamodeld */; };
		F2099A741FB10D8000FB6F93 /* Assets.xcassets in Resources */ = {isa = PBXBuildFile; fileRef = F2099A731FB10D8000FB6F93 /* Assets.xcassets */; };
		F2099A771FB10D8000FB6F93 /* LaunchScreen.storyboard in Resources */ = {isa = PBXBuildFile; fileRef = F2099A751FB10D8000FB6F93 /* LaunchScreen.storyboard */; };
		F2099A801FB10F8300FB6F93 /* MenuDesign.swift in Sources */ = {isa = PBXBuildFile; fileRef = F2099A7F1FB10F8300FB6F93 /* MenuDesign.swift */; };
/* End PBXBuildFile section */

/* Begin PBXFileReference section */
		F2099A661FB10D8000FB6F93 /* sixthproject.app */ = {isa = PBXFileReference; explicitFileType = wrapper.application; includeInIndex = 0; path = sixthproject.app; sourceTree = BUILT_PRODUCTS_DIR; };
		F2099A691FB10D8000FB6F93 /* AppDelegate.swift */ = {isa = PBXFileReference; lastKnownFileType = sourcecode.swift; path = AppDelegate.swift; sourceTree = "<group>"; };
		F2099A6B1FB10D8000FB6F93 /* ViewController.swift */ = {isa = PBXFileReference; lastKnownFileType = sourcecode.swift; path = ViewController.swift; sourceTree = "<group>"; };
		F2099A6E1FB10D8000FB6F93 /* Base */ = {isa = PBXFileReference; lastKnownFileType = file.storyboard; name = Base; path = Base.lproj/Main.storyboard; sourceTree = "<group>"; };
		F2099A711FB10D8000FB6F93 /* sixthproject.xcdatamodel */ = {isa = PBXFileReference; lastKnownFileType = wrapper.xcdatamodel; path = sixthproject.xcdatamodel; sourceTree = "<group>"; };
		F2099A731FB10D8000FB6F93 /* Assets.xcassets */ = {isa = PBXFileReference; lastKnownFileType = folder.assetcatalog; path = Assets.xcassets; sourceTree = "<group>"; };
		F2099A761FB10D8000FB6F93 /* Base */ = {isa = PBXFileReference; lastKnownFileType = file.storyboard; name = Base; path = Base.lproj/LaunchScreen.storyboard; sourceTree = "<group>"; };
		F2099A781FB10D8000FB6F93 /* Info.plist */ = {isa = PBXFileReference; lastKnownFileType = text.plist.xml; path = Info.plist; sourceTree = "<group>"; };
		F2099A7F1FB10F8300FB6F93 /* MenuDesign.swift */ = {isa = PBXFileReference; fileEncoding = 4; lastKnownFileType = sourcecode.swift; path = MenuDesign.swift; sourceTree = "<group>"; };
/* End PBXFileReference section */

/* Begin PBXFrameworksBuildPhase section */
		F2099A631FB10D8000FB6F93 /* Frameworks */ = {
			isa = PBXFrameworksBuildPhase;
			buildActionMask = 2147483647;
			files = (
			);
			runOnlyForDeploymentPostprocessing = 0;
		};
/* End PBXFrameworksBuildPhase section */

/* Begin PBXGroup section */
		F2099A5D1FB10D8000FB6F93 = {
			isa = PBXGroup;
			children = (
				F2099A7E1FB10F2000FB6F93 /* Designables */,
				F2099A681FB10D8000FB6F93 /* sixthproject */,
				F2099A671FB10D8000FB6F93 /* Products */,
			);
			sourceTree = "<group>";
		};
		F2099A671FB10D8000FB6F93 /* Products */ = {
			isa = PBXGroup;
			children = (
				F2099A661FB10D8000FB6F93 /* sixthproject.app */,
			);
			name = Products;
			sourceTree = "<group>";
		};
		F2099A681FB10D8000FB6F93 /* sixthproject */ = {
			isa = PBXGroup;
			children = (
				F2099A691FB10D8000FB6F93 /* AppDelegate.swift */,
				F2099A6B1FB10D8000FB6F93 /* ViewController.swift */,
				F2099A6D1FB10D8000FB6F93 /* Main.storyboard */,
				F2099A731FB10D8000FB6F93 /* Assets.xcassets */,
				F2099A751FB10D8000FB6F93 /* LaunchScreen.storyboard */,
				F2099A781FB10D8000FB6F93 /* Info.plist */,
				F2099A701FB10D8000FB6F93 /* sixthproject.xcdatamodeld */,
			);
			path = sixthproject;
			sourceTree = "<group>";
		};
		F2099A7E1FB10F2000FB6F93 /* Designables */ = {
			isa = PBXGroup;
			children = (
				F2099A7F1FB10F8300FB6F93 /* MenuDesign.swift */,
			);
			name = Designables;
			sourceTree = "<group>";
		};
/* End PBXGroup section */

/* Begin PBXNativeTarget section */
		F2099A651FB10D8000FB6F93 /* sixthproject */ = {
			isa = PBXNativeTarget;
			buildConfigurationList = F2099A7B1FB10D8000FB6F93 /* Build configuration list for PBXNativeTarget "sixthproject" */;
			buildPhases = (
				F2099A621FB10D8000FB6F93 /* Sources */,
				F2099A631FB10D8000FB6F93 /* Frameworks */,
				F2099A641FB10D8000FB6F93 /* Resources */,
			);
			buildRules = (
			);
			dependencies = (
			);
			name = sixthproject;
			productName = sixthproject;
			productReference = F2099A661FB10D8000FB6F93 /* sixthproject.app */;
			productType = "com.apple.product-type.application";
		};
/* End PBXNativeTarget section */

/* Begin PBXProject section */
		F2099A5E1FB10D8000FB6F93 /* Project object */ = {
			isa = PBXProject;
			attributes = {
				LastSwiftUpdateCheck = 0830;
				LastUpgradeCheck = 0830;
				ORGANIZATIONNAME = "Aravind Subramanian";
				TargetAttributes = {
					F2099A651FB10D8000FB6F93 = {
						CreatedOnToolsVersion = 8.3.3;
						ProvisioningStyle = Automatic;
					};
				};
			};
			buildConfigurationList = F2099A611FB10D8000FB6F93 /* Build configuration list for PBXProject "sixthproject" */;
			compatibilityVersion = "Xcode 3.2";
			developmentRegion = English;
			hasScannedForEncodings = 0;
			knownRegions = (
				en,
				Base,
			);
			mainGroup = F2099A5D1FB10D8000FB6F93;
			productRefGroup = F2099A671FB10D8000FB6F93 /* Products */;
			projectDirPath = "";
			projectRoot = "";
			targets = (
				F2099A651FB10D8000FB6F93 /* sixthproject */,
			);
		};
/* End PBXProject section */

/* Begin PBXResourcesBuildPhase section */
		F2099A641FB10D8000FB6F93 /* Resources */ = {
			isa = PBXResourcesBuildPhase;
			buildActionMask = 2147483647;
			files = (
				F2099A771FB10D8000FB6F93 /* LaunchScreen.storyboard in Resources */,
				F2099A741FB10D8000FB6F93 /* Assets.xcassets in Resources */,
				F2099A6F1FB10D8000FB6F93 /* Main.storyboard in Resources */,
			);
			runOnlyForDeploymentPostprocessing = 0;
		};
/* End PBXResourcesBuildPhase section */

/* Begin PBXSourcesBuildPhase section */
		F2099A621FB10D8000FB6F93 /* Sources */ = {
			isa = PBXSourcesBuildPhase;
			buildActionMask = 2147483647;
			files = (
				F2099A721FB10D8000FB6F93 /* sixthproject.xcdatamodeld in Sources */,
				F2099A6C1FB10D8000FB6F93 /* ViewController.swift in Sources */,
				F2099A801FB10F8300FB6F93 /* MenuDesign.swift in Sources */,
				F2099A6A1FB10D8000FB6F93 /* AppDelegate.swift in Sources */,
			);
			runOnlyForDeploymentPostprocessing = 0;
		};
/* End PBXSourcesBuildPhase section */

/* Begin PBXVariantGroup section */
		F2099A6D1FB10D8000FB6F93 /* Main.storyboard */ = {
			isa = PBXVariantGroup;
			children = (
				F2099A6E1FB10D8000FB6F93 /* Base */,
			);
			name = Main.storyboard;
			sourceTree = "<group>";
		};
		F2099A751FB10D8000FB6F93 /* LaunchScreen.storyboard */ = {
			isa = PBXVariantGroup;
			children = (
				F2099A761FB10D8000FB6F93 /* Base */,
			);
			name = LaunchScreen.storyboard;
			sourceTree = "<group>";
		};
/* End PBXVariantGroup section */

/* Begin XCBuildConfiguration section */
		F2099A791FB10D8000FB6F93 /* Debug */ = {
			isa = XCBuildConfiguration;
			buildSettings = {
				ALWAYS_SEARCH_USER_PATHS = NO;
				CLANG_ANALYZER_NONNULL = YES;
				CLANG_ANALYZER_NUMBER_OBJECT_CONVERSION = YES_AGGRESSIVE;
				CLANG_CXX_LANGUAGE_STANDARD = "gnu++0x";
				CLANG_CXX_LIBRARY = "libc++";
				CLANG_ENABLE_MODULES = YES;
				CLANG_ENABLE_OBJC_ARC = YES;
				CLANG_WARN_BOOL_CONVERSION = YES;
				CLANG_WARN_CONSTANT_CONVERSION = YES;
				CLANG_WARN_DIRECT_OBJC_ISA_USAGE = YES_ERROR;
				CLANG_WARN_DOCUMENTATION_COMMENTS = YES;
				CLANG_WARN_EMPTY_BODY = YES;
				CLANG_WARN_ENUM_CONVERSION = YES;
				CLANG_WARN_INFINITE_RECURSION = YES;
				CLANG_WARN_INT_CONVERSION = YES;
				CLANG_WARN_OBJC_ROOT_CLASS = YES_ERROR;
				CLANG_WARN_SUSPICIOUS_MOVE = YES;
				CLANG_WARN_UNREACHABLE_CODE = YES;
				CLANG_WARN__DUPLICATE_METHOD_MATCH = YES;
				"CODE_SIGN_IDENTITY[sdk=iphoneos*]" = "iPhone Developer";
				COPY_PHASE_STRIP = NO;
				DEBUG_INFORMATION_FORMAT = dwarf;
				ENABLE_STRICT_OBJC_MSGSEND = YES;
				ENABLE_TESTABILITY = YES;
				GCC_C_LANGUAGE_STANDARD = gnu99;
				GCC_DYNAMIC_NO_PIC = NO;
				GCC_NO_COMMON_BLOCKS = YES;
				GCC_OPTIMIZATION_LEVEL = 0;
				GCC_PREPROCESSOR_DEFINITIONS = (
					"DEBUG=1",
					"$(inherited)",
				);
				GCC_WARN_64_TO_32_BIT_CONVERSION = YES;
				GCC_WARN_ABOUT_RETURN_TYPE = YES_ERROR;
				GCC_WARN_UNDECLARED_SELECTOR = YES;
				GCC_WARN_UNINITIALIZED_AUTOS = YES_AGGRESSIVE;
				GCC_WARN_UNUSED_FUNCTION = YES;
				GCC_WARN_UNUSED_VARIABLE = YES;
				IPHONEOS_DEPLOYMENT_TARGET = 10.3;
				MTL_ENABLE_DEBUG_INFO = YES;
				ONLY_ACTIVE_ARCH = YES;
				SDKROOT = iphoneos;
				SWIFT_ACTIVE_COMPILATION_CONDITIONS = DEBUG;
				SWIFT_OPTIMIZATION_LEVEL = "-Onone";
				TARGETED_DEVICE_FAMILY = "1,2";
			};
			name = Debug;
		};
		F2099A7A1FB10D8000FB6F93 /* Release */ = {
			isa = XCBuildConfiguration;
			buildSettings = {
				ALWAYS_SEARCH_USER_PATHS = NO;
				CLANG_ANALYZER_NONNULL = YES;
				CLANG_ANALYZER_NUMBER_OBJECT_CONVERSION = YES_AGGRESSIVE;
				CLANG_CXX_LANGUAGE_STANDARD = "gnu++0x";
				CLANG_CXX_LIBRARY = "libc++";
				CLANG_ENABLE_MODULES = YES;
				CLANG_ENABLE_OBJC_ARC = YES;
				CLANG_WARN_BOOL_CONVERSION = YES;
				CLANG_WARN_CONSTANT_CONVERSION = YES;
				CLANG_WARN_DIRECT_OBJC_ISA_USAGE = YES_ERROR;
				CLANG_WARN_DOCUMENTATION_COMMENTS = YES;
				CLANG_WARN_EMPTY_BODY = YES;
				CLANG_WARN_ENUM_CONVERSION = YES;
				CLANG_WARN_INFINITE_RECURSION = YES;
				CLANG_WARN_INT_CONVERSION = YES;
				CLANG_WARN_OBJC_ROOT_CLASS = YES_ERROR;
				CLANG_WARN_SUSPICIOUS_MOVE = YES;
				CLANG_WARN_UNREACHABLE_CODE = YES;
				CLANG_WARN__DUPLICATE_METHOD_MATCH = YES;
				"CODE_SIGN_IDENTITY[sdk=iphoneos*]" = "iPhone Developer";
				COPY_PHASE_STRIP = NO;
				DEBUG_INFORMATION_FORMAT = "dwarf-with-dsym";
				ENABLE_NS_ASSERTIONS = NO;
				ENABLE_STRICT_OBJC_MSGSEND = YES;
				GCC_C_LANGUAGE_STANDARD = gnu99;
				GCC_NO_COMMON_BLOCKS = YES;
				GCC_WARN_64_TO_32_BIT_CONVERSION = YES;
				GCC_WARN_ABOUT_RETURN_TYPE = YES_ERROR;
				GCC_WARN_UNDECLARED_SELECTOR = YES;
				GCC_WARN_UNINITIALIZED_AUTOS = YES_AGGRESSIVE;
				GCC_WARN_UNUSED_FUNCTION = YES;
				GCC_WARN_UNUSED_VARIABLE = YES;
				IPHONEOS_DEPLOYMENT_TARGET = 10.3;
				MTL_ENABLE_DEBUG_INFO = NO;
				SDKROOT = iphoneos;
				SWIFT_OPTIMIZATION_LEVEL = "-Owholemodule";
				TARGETED_DEVICE_FAMILY = "1,2";
				VALIDATE_PRODUCT = YES;
			};
			name = Release;
		};
		F2099A7C1FB10D8000FB6F93 /* Debug */ = {
			isa = XCBuildConfiguration;
			buildSettings = {
				ASSETCATALOG_COMPILER_APPICON_NAME = AppIcon;
				INFOPLIST_FILE = sixthproject/Info.plist;
				LD_RUNPATH_SEARCH_PATHS = "$(inherited) @executable_path/Frameworks";
				PRODUCT_BUNDLE_IDENTIFIER = com.sixthproject;
				PRODUCT_NAME = "$(TARGET_NAME)";
				SWIFT_VERSION = 3.0;
			};
			name = Debug;
		};
		F2099A7D1FB10D8000FB6F93 /* Release */ = {
			isa = XCBuildConfiguration;
			buildSettings = {
				ASSETCATALOG_COMPILER_APPICON_NAME = AppIcon;
				INFOPLIST_FILE = sixthproject/Info.plist;
				LD_RUNPATH_SEARCH_PATHS = "$(inherited) @executable_path/Frameworks";
				PRODUCT_BUNDLE_IDENTIFIER = com.sixthproject;
				PRODUCT_NAME = "$(TARGET_NAME)";
				SWIFT_VERSION = 3.0;
			};
			name = Release;
		};
/* End XCBuildConfiguration section */

/* Begin XCConfigurationList section */
		F2099A611FB10D8000FB6F93 /* Build configuration list for PBXProject "sixthproject" */ = {
			isa = XCConfigurationList;
			buildConfigurations = (
				F2099A791FB10D8000FB6F93 /* Debug */,
				F2099A7A1FB10D8000FB6F93 /* Release */,
			);
			defaultConfigurationIsVisible = 0;
			defaultConfigurationName = Release;
		};
		F2099A7B1FB10D8000FB6F93 /* Build configuration list for PBXNativeTarget "sixthproject" */ = {
			isa = XCConfigurationList;
			buildConfigurations = (
				F2099A7C1FB10D8000FB6F93 /* Debug */,
				F2099A7D1FB10D8000FB6F93 /* Release */,
			);
			defaultConfigurationIsVisible = 0;
		};
/* End XCConfigurationList section */

/* Begin XCVersionGroup section */
		F2099A701FB10D8000FB6F93 /* sixthproject.xcdatamodeld */ = {
			isa = XCVersionGroup;
			children = (
				F2099A711FB10D8000FB6F93 /* sixthproject.xcdatamodel */,
			);
			currentVersion = F2099A711FB10D8000FB6F93 /* sixthproject.xcdatamodel */;
			path = sixthproject.xcdatamodeld;
			sourceTree = "<group>";
			versionGroupType = wrapper.xcdatamodel;
		};
/* End XCVersionGroup section */
	};
	rootObject = F2099A5E1FB10D8000FB6F93 /* Project object */;
}
